
Microsoft Visual Studio Solution File, Format Version 12.00
# Visual Studio Version 17
VisualStudioVersion = 17.14.36212.18
MinimumVisualStudioVersion = 10.0.40219.1
Project("{FAE04EC0-301F-11D3-BF4B-00C04F79EFBC}") = "ApplicationAquitaine", "ApplicationAquitaine\ApplicationAquitaine.csproj", "{2B9E8F7D-787A-40A4-A9FE-E9529A6BDFDD}"
EndProject
Global
	GlobalSection(SolutionConfigurationPlatforms) = preSolution
		Debug|Any CPU = Debug|Any CPU
		Release|Any CPU = Release|Any CPU
	EndGlobalSection
	GlobalSection(ProjectConfigurationPlatforms) = postSolution
		{2B9E8F7D-787A-40A4-A9FE-E9529A6BDFDD}.Debug|Any CPU.ActiveCfg = Debug|Any CPU
		{2B9E8F7D-787A-40A4-A9FE-E9529A6BDFDD}.Debug|Any CPU.Build.0 = Debug|Any CPU
		{2B9E8F7D-787A-40A4-A9FE-E9529A6BDFDD}.Release|Any CPU.ActiveCfg = Release|Any CPU
		{2B9E8F7D-787A-40A4-A9FE-E9529A6BDFDD}.Release|Any CPU.Build.0 = Release|Any CPU
	EndGlobalSection
	GlobalSection(SolutionProperties) = preSolution
		HideSolutionNode = FALSE
	EndGlobalSection
	GlobalSection(ExtensibilityGlobals) = postSolution
		SolutionGuid = {2C3CFCDA-DF65-4E1F-9447-EB31D3E25CAA}
	EndGlobalSection
EndGlobal
